{
  "name": "@daonomic/tokens",
  "version": "0.0.1",
  "lockfileVersion": 1,
  "requires": true,
  "dependencies": {
    "@daonomic/interfaces": {
      "version": "0.1.0",
      "resolved": "https://registry.npmjs.org/@daonomic/interfaces/-/interfaces-0.1.0.tgz",
      "integrity": "sha512-wFLU6hqLM9NL1qo2zg8cSvVdq/6zVN/2jYtxn/0c/RbU4+yNPJRKGom/52SC5Rnl+pQFbKwmKdJ+3cBsJJsv4Q=="
    },
    "@daonomic/tests-common": {
      "version": "0.1.0",
      "resolved": "https://registry.npmjs.org/@daonomic/tests-common/-/tests-common-0.1.0.tgz",
      "integrity": "sha512-WqFpVhuh4dr71O2KXIlNvPqV02lA+Nb0TjsuE/zLBBEIFmkrPa1KlMAd35dW4B/4paNwDc6cffwwrfmFeKvcpQ==",
      "dev": true
    },
    "@daonomic/util": {
      "version": "0.1.0",
      "resolved": "https://registry.npmjs.org/@daonomic/util/-/util-0.1.0.tgz",
      "integrity": "sha512-zet8820d28fJwbhf0BOH5OiQzCXCsjNAuvD41AzzcHDpd4J0X/0m2Lhc1NACiIklUUbnSLGvkgoqHzWk0weoiQ=="
    }
  }
}
