{
  "name": "@daonomic/tokens",
  "version": "0.1.15",
  "lockfileVersion": 1,
  "requires": true,
  "dependencies": {
    "@daonomic/interfaces": {
      "version": "0.1.9",
      "resolved": "https://registry.npmjs.org/@daonomic/interfaces/-/interfaces-0.1.9.tgz",
      "integrity": "sha512-oI9Kd2R0s4PQcoYaWhDfR1VAhJ/kk8zFY5cDIKCiBVHIJcTVLCYd7sVC1GIN6ESItb2D2Nc/PRBOGnJkfSd7QA=="
    },
    "@daonomic/tests-common": {
      "version": "0.1.3",
      "resolved": "https://registry.npmjs.org/@daonomic/tests-common/-/tests-common-0.1.3.tgz",
      "integrity": "sha512-mBHbA/w/LGBCDt8rlEiO9WFlPJtQFLMakez7B70OOvDFoSQzb20MulztMYUlTPAFLUXf8HbBQK4wMZZ7oCCDhw==",
      "dev": true
    },
    "@daonomic/util": {
      "version": "0.1.7",
      "resolved": "https://registry.npmjs.org/@daonomic/util/-/util-0.1.7.tgz",
      "integrity": "sha512-LlHcFHaT2fVJY3j0JdaHgXyOwEArUyGh0NlOexfjfsydsv0/VBNeDx8uA32jaf6O04b87gtH3q8joTEHyL2psQ=="
    }
  }
}
